
Microsoft Visual Studio Solution File, Format Version 12.00
# Visual Studio Version 17
VisualStudioVersion = 17.3.32901.215
MinimumVisualStudioVersion = 10.0.40219.1
Project("{FAE04EC0-301F-11D3-BF4B-00C04F79EFBC}") = "SoftwarePSpiking", "SoftwarePSpiking\SoftwarePSpiking.csproj", "{4536AD8C-7A06-4A3E-A3CD-356372723C64}"
EndProject
Global
	GlobalSection(SolutionConfigurationPlatforms) = preSolution
		Debug|Any CPU = Debug|Any CPU
		Release|Any CPU = Release|Any CPU
	EndGlobalSection
	GlobalSection(ProjectConfigurationPlatforms) = postSolution
		{4536AD8C-7A06-4A3E-A3CD-356372723C64}.Debug|Any CPU.ActiveCfg = Debug|Any CPU
		{4536AD8C-7A06-4A3E-A3CD-356372723C64}.Debug|Any CPU.Build.0 = Debug|Any CPU
		{4536AD8C-7A06-4A3E-A3CD-356372723C64}.Release|Any CPU.ActiveCfg = Release|Any CPU
		{4536AD8C-7A06-4A3E-A3CD-356372723C64}.Release|Any CPU.Build.0 = Release|Any CPU
	EndGlobalSection
	GlobalSection(SolutionProperties) = preSolution
		HideSolutionNode = FALSE
	EndGlobalSection
	GlobalSection(ExtensibilityGlobals) = postSolution
		SolutionGuid = {2A488FF4-E0B9-464E-BC8A-66AE46BC7EF6}
	EndGlobalSection
EndGlobal
